// !$*UTF8*$!
{
	archiveVersion = 1;
	classes = {
	};
	objectVersion = 46;
	objects = {

/* Begin PBXBuildFile section */
		2562D58D1E03B80A00A0FFD3 /* AppDelegate.swift in Sources */ = {isa = PBXBuildFile; fileRef = 2562D58C1E03B80A00A0FFD3 /* AppDelegate.swift */; };
		2562D58F1E03B80A00A0FFD3 /* ViewController.swift in Sources */ = {isa = PBXBuildFile; fileRef = 2562D58E1E03B80A00A0FFD3 /* ViewController.swift */; };
		2562D5921E03B80A00A0FFD3 /* Main.storyboard in Resources */ = {isa = PBXBuildFile; fileRef = 2562D5901E03B80A00A0FFD3 /* Main.storyboard */; };
		2562D5941E03B80A00A0FFD3 /* Assets.xcassets in Resources */ = {isa = PBXBuildFile; fileRef = 2562D5931E03B80A00A0FFD3 /* Assets.xcassets */; };
		2562D5971E03B80A00A0FFD3 /* LaunchScreen.storyboard in Resources */ = {isa = PBXBuildFile; fileRef = 2562D5951E03B80A00A0FFD3 /* LaunchScreen.storyboard */; };
/* End PBXBuildFile section */

/* Begin PBXFileReference section */
		2562D5891E03B80A00A0FFD3 /* JumpyUITableView.app */ = {isa = PBXFileReference; explicitFileType = wrapper.application; includeInIndex = 0; path = JumpyUITableView.app; sourceTree = BUILT_PRODUCTS_DIR; };
		2562D58C1E03B80A00A0FFD3 /* AppDelegate.swift */ = {isa = PBXFileReference; lastKnownFileType = sourcecode.swift; path = AppDelegate.swift; sourceTree = "<group>"; };
		2562D58E1E03B80A00A0FFD3 /* ViewController.swift */ = {isa = PBXFileReference; lastKnownFileType = sourcecode.swift; path = ViewController.swift; sourceTree = "<group>"; };
		2562D5911E03B80A00A0FFD3 /* Base */ = {isa = PBXFileReference; lastKnownFileType = file.storyboard; name = Base; path = Base.lproj/Main.storyboard; sourceTree = "<group>"; };
		2562D5931E03B80A00A0FFD3 /* Assets.xcassets */ = {isa = PBXFileReference; lastKnownFileType = folder.assetcatalog; path = Assets.xcassets; sourceTree = "<group>"; };
		2562D5961E03B80A00A0FFD3 /* Base */ = {isa = PBXFileReference; lastKnownFileType = file.storyboard; name = Base; path = Base.lproj/LaunchScreen.storyboard; sourceTree = "<group>"; };
		2562D5981E03B80A00A0FFD3 /* Info.plist */ = {isa = PBXFileReference; lastKnownFileType = text.plist.xml; path = Info.plist; sourceTree = "<group>"; };
/* End PBXFileReference section */

/* Begin PBXFrameworksBuildPhase section */
		2562D5861E03B80A00A0FFD3 /* Frameworks */ = {
			isa = PBXFrameworksBuildPhase;
			buildActionMask = 2147483647;
			files = (
			);
			runOnlyForDeploymentPostprocessing = 0;
		};
/* End PBXFrameworksBuildPhase section */

/* Begin PBXGroup section */
		2562D5801E03B80A00A0FFD3 = {
			isa = PBXGroup;
			children = (
				2562D58B1E03B80A00A0FFD3 /* JumpyUITableView */,
				2562D58A1E03B80A00A0FFD3 /* Products */,
			);
			sourceTree = "<group>";
		};
		2562D58A1E03B80A00A0FFD3 /* Products */ = {
			isa = PBXGroup;
			children = (
				2562D5891E03B80A00A0FFD3 /* JumpyUITableView.app */,
			);
			name = Products;
			sourceTree = "<group>";
		};
		2562D58B1E03B80A00A0FFD3 /* JumpyUITableView */ = {
			isa = PBXGroup;
			children = (
				2562D58C1E03B80A00A0FFD3 /* AppDelegate.swift */,
				2562D58E1E03B80A00A0FFD3 /* ViewController.swift */,
				2562D5901E03B80A00A0FFD3 /* Main.storyboard */,
				2562D5931E03B80A00A0FFD3 /* Assets.xcassets */,
				2562D5951E03B80A00A0FFD3 /* LaunchScreen.storyboard */,
				2562D5981E03B80A00A0FFD3 /* Info.plist */,
			);
			path = JumpyUITableView;
			sourceTree = "<group>";
		};
/* End PBXGroup section */

/* Begin PBXNativeTarget section */
		2562D5881E03B80A00A0FFD3 /* JumpyUITableView */ = {
			isa = PBXNativeTarget;
			buildConfigurationList = 2562D59B1E03B80A00A0FFD3 /* Build configuration list for PBXNativeTarget "JumpyUITableView" */;
			buildPhases = (
				2562D5851E03B80A00A0FFD3 /* Sources */,
				2562D5861E03B80A00A0FFD3 /* Frameworks */,
				2562D5871E03B80A00A0FFD3 /* Resources */,
			);
			buildRules = (
			);
			dependencies = (
			);
			name = JumpyUITableView;
			productName = JumpyUITableView;
			productReference = 2562D5891E03B80A00A0FFD3 /* JumpyUITableView.app */;
			productType = "com.apple.product-type.application";
		};
/* End PBXNativeTarget section */

/* Begin PBXProject section */
		2562D5811E03B80A00A0FFD3 /* Project object */ = {
			isa = PBXProject;
			attributes = {
				LastSwiftUpdateCheck = 0820;
				LastUpgradeCheck = 0820;
				ORGANIZATIONNAME = "Calle Erlandsson";
				TargetAttributes = {
					2562D5881E03B80A00A0FFD3 = {
						CreatedOnToolsVersion = 8.2;
						ProvisioningStyle = Automatic;
					};
				};
			};
			buildConfigurationList = 2562D5841E03B80A00A0FFD3 /* Build configuration list for PBXProject "JumpyUITableView" */;
			compatibilityVersion = "Xcode 3.2";
			developmentRegion = English;
			hasScannedForEncodings = 0;
			knownRegions = (
				en,
				Base,
			);
			mainGroup = 2562D5801E03B80A00A0FFD3;
			productRefGroup = 2562D58A1E03B80A00A0FFD3 /* Products */;
			projectDirPath = "";
			projectRoot = "";
			targets = (
				2562D5881E03B80A00A0FFD3 /* JumpyUITableView */,
			);
		};
/* End PBXProject section */

/* Begin PBXResourcesBuildPhase section */
		2562D5871E03B80A00A0FFD3 /* Resources */ = {
			isa = PBXResourcesBuildPhase;
			buildActionMask = 2147483647;
			files = (
				2562D5971E03B80A00A0FFD3 /* LaunchScreen.storyboard in Resources */,
				2562D5941E03B80A00A0FFD3 /* Assets.xcassets in Resources */,
				2562D5921E03B80A00A0FFD3 /* Main.storyboard in Resources */,
			);
			runOnlyForDeploymentPostprocessing = 0;
		};
/* End PBXResourcesBuildPhase section */

/* Begin PBXSourcesBuildPhase section */
		2562D5851E03B80A00A0FFD3 /* Sources */ = {
			isa = PBXSourcesBuildPhase;
			buildActionMask = 2147483647;
			files = (
				2562D58F1E03B80A00A0FFD3 /* ViewController.swift in Sources */,
				2562D58D1E03B80A00A0FFD3 /* AppDelegate.swift in Sources */,
			);
			runOnlyForDeploymentPostprocessing = 0;
		};
/* End PBXSourcesBuildPhase section */

/* Begin PBXVariantGroup section */
		2562D5901E03B80A00A0FFD3 /* Main.storyboard */ = {
			isa = PBXVariantGroup;
			children = (
				2562D5911E03B80A00A0FFD3 /* Base */,
			);
			name = Main.storyboard;
			sourceTree = "<group>";
		};
		2562D5951E03B80A00A0FFD3 /* LaunchScreen.storyboard */ = {
			isa = PBXVariantGroup;
			children = (
				2562D5961E03B80A00A0FFD3 /* Base */,
			);
			name = LaunchScreen.storyboard;
			sourceTree = "<group>";
		};
/* End PBXVariantGroup section */

/* Begin XCBuildConfiguration section */
		2562D5991E03B80A00A0FFD3 /* Debug */ = {
			isa = XCBuildConfiguration;
			buildSettings = {
				ALWAYS_SEARCH_USER_PATHS = NO;
				CLANG_ANALYZER_NONNULL = YES;
				CLANG_CXX_LANGUAGE_STANDARD = "gnu++0x";
				CLANG_CXX_LIBRARY = "libc++";
				CLANG_ENABLE_MODULES = YES;
				CLANG_ENABLE_OBJC_ARC = YES;
				CLANG_WARN_BOOL_CONVERSION = YES;
				CLANG_WARN_CONSTANT_CONVERSION = YES;
				CLANG_WARN_DIRECT_OBJC_ISA_USAGE = YES_ERROR;
				CLANG_WARN_DOCUMENTATION_COMMENTS = YES;
				CLANG_WARN_EMPTY_BODY = YES;
				CLANG_WARN_ENUM_CONVERSION = YES;
				CLANG_WARN_INFINITE_RECURSION = YES;
				CLANG_WARN_INT_CONVERSION = YES;
				CLANG_WARN_OBJC_ROOT_CLASS = YES_ERROR;
				CLANG_WARN_SUSPICIOUS_MOVE = YES;
				CLANG_WARN_UNREACHABLE_CODE = YES;
				CLANG_WARN__DUPLICATE_METHOD_MATCH = YES;
				"CODE_SIGN_IDENTITY[sdk=iphoneos*]" = "iPhone Developer";
				COPY_PHASE_STRIP = NO;
				DEBUG_INFORMATION_FORMAT = dwarf;
				ENABLE_STRICT_OBJC_MSGSEND = YES;
				ENABLE_TESTABILITY = YES;
				GCC_C_LANGUAGE_STANDARD = gnu99;
				GCC_DYNAMIC_NO_PIC = NO;
				GCC_NO_COMMON_BLOCKS = YES;
				GCC_OPTIMIZATION_LEVEL = 0;
				GCC_PREPROCESSOR_DEFINITIONS = (
					"DEBUG=1",
					"$(inherited)",
				);
				GCC_WARN_64_TO_32_BIT_CONVERSION = YES;
				GCC_WARN_ABOUT_RETURN_TYPE = YES_ERROR;
				GCC_WARN_UNDECLARED_SELECTOR = YES;
				GCC_WARN_UNINITIALIZED_AUTOS = YES_AGGRESSIVE;
				GCC_WARN_UNUSED_FUNCTION = YES;
				GCC_WARN_UNUSED_VARIABLE = YES;
				IPHONEOS_DEPLOYMENT_TARGET = 10.2;
				MTL_ENABLE_DEBUG_INFO = YES;
				ONLY_ACTIVE_ARCH = YES;
				SDKROOT = iphoneos;
				SWIFT_ACTIVE_COMPILATION_CONDITIONS = DEBUG;
				SWIFT_OPTIMIZATION_LEVEL = "-Onone";
			};
			name = Debug;
		};
		2562D59A1E03B80A00A0FFD3 /* Release */ = {
			isa = XCBuildConfiguration;
			buildSettings = {
				ALWAYS_SEARCH_USER_PATHS = NO;
				CLANG_ANALYZER_NONNULL = YES;
				CLANG_CXX_LANGUAGE_STANDARD = "gnu++0x";
				CLANG_CXX_LIBRARY = "libc++";
				CLANG_ENABLE_MODULES = YES;
				CLANG_ENABLE_OBJC_ARC = YES;
				CLANG_WARN_BOOL_CONVERSION = YES;
				CLANG_WARN_CONSTANT_CONVERSION = YES;
				CLANG_WARN_DIRECT_OBJC_ISA_USAGE = YES_ERROR;
				CLANG_WARN_DOCUMENTATION_COMMENTS = YES;
				CLANG_WARN_EMPTY_BODY = YES;
				CLANG_WARN_ENUM_CONVERSION = YES;
				CLANG_WARN_INFINITE_RECURSION = YES;
				CLANG_WARN_INT_CONVERSION = YES;
				CLANG_WARN_OBJC_ROOT_CLASS = YES_ERROR;
				CLANG_WARN_SUSPICIOUS_MOVE = YES;
				CLANG_WARN_UNREACHABLE_CODE = YES;
				CLANG_WARN__DUPLICATE_METHOD_MATCH = YES;
				"CODE_SIGN_IDENTITY[sdk=iphoneos*]" = "iPhone Developer";
				COPY_PHASE_STRIP = NO;
				DEBUG_INFORMATION_FORMAT = "dwarf-with-dsym";
				ENABLE_NS_ASSERTIONS = NO;
				ENABLE_STRICT_OBJC_MSGSEND = YES;
				GCC_C_LANGUAGE_STANDARD = gnu99;
				GCC_NO_COMMON_BLOCKS = YES;
				GCC_WARN_64_TO_32_BIT_CONVERSION = YES;
				GCC_WARN_ABOUT_RETURN_TYPE = YES_ERROR;
				GCC_WARN_UNDECLARED_SELECTOR = YES;
				GCC_WARN_UNINITIALIZED_AUTOS = YES_AGGRESSIVE;
				GCC_WARN_UNUSED_FUNCTION = YES;
				GCC_WARN_UNUSED_VARIABLE = YES;
				IPHONEOS_DEPLOYMENT_TARGET = 10.2;
				MTL_ENABLE_DEBUG_INFO = NO;
				SDKROOT = iphoneos;
				SWIFT_OPTIMIZATION_LEVEL = "-Owholemodule";
				VALIDATE_PRODUCT = YES;
			};
			name = Release;
		};
		2562D59C1E03B80A00A0FFD3 /* Debug */ = {
			isa = XCBuildConfiguration;
			buildSettings = {
				ASSETCATALOG_COMPILER_APPICON_NAME = AppIcon;
				INFOPLIST_FILE = JumpyUITableView/Info.plist;
				LD_RUNPATH_SEARCH_PATHS = "$(inherited) @executable_path/Frameworks";
				PRODUCT_BUNDLE_IDENTIFIER = com.calleerlandsson.JumpyUITableView;
				PRODUCT_NAME = "$(TARGET_NAME)";
				SWIFT_VERSION = 3.0;
			};
			name = Debug;
		};
		2562D59D1E03B80A00A0FFD3 /* Release */ = {
			isa = XCBuildConfiguration;
			buildSettings = {
				ASSETCATALOG_COMPILER_APPICON_NAME = AppIcon;
				INFOPLIST_FILE = JumpyUITableView/Info.plist;
				LD_RUNPATH_SEARCH_PATHS = "$(inherited) @executable_path/Frameworks";
				PRODUCT_BUNDLE_IDENTIFIER = com.calleerlandsson.JumpyUITableView;
				PRODUCT_NAME = "$(TARGET_NAME)";
				SWIFT_VERSION = 3.0;
			};
			name = Release;
		};
/* End XCBuildConfiguration section */

/* Begin XCConfigurationList section */
		2562D5841E03B80A00A0FFD3 /* Build configuration list for PBXProject "JumpyUITableView" */ = {
			isa = XCConfigurationList;
			buildConfigurations = (
				2562D5991E03B80A00A0FFD3 /* Debug */,
				2562D59A1E03B80A00A0FFD3 /* Release */,
			);
			defaultConfigurationIsVisible = 0;
			defaultConfigurationName = Release;
		};
		2562D59B1E03B80A00A0FFD3 /* Build configuration list for PBXNativeTarget "JumpyUITableView" */ = {
			isa = XCConfigurationList;
			buildConfigurations = (
				2562D59C1E03B80A00A0FFD3 /* Debug */,
				2562D59D1E03B80A00A0FFD3 /* Release */,
			);
			defaultConfigurationIsVisible = 0;
		};
/* End XCConfigurationList section */
	};
	rootObject = 2562D5811E03B80A00A0FFD3 /* Project object */;
}
